
Microsoft Visual Studio Solution File, Format Version 12.00
# Visual Studio 15
VisualStudioVersion = 15.0.27703.2042
MinimumVisualStudioVersion = 10.0.40219.1
Project("{9A19103F-16F7-4668-BE54-9A1E7A4F7556}") = "QDOT", "QDOT\QDOT.csproj", "{FAA19540-8C65-4F4B-9D6A-CA625CC2B89B}"
EndProject
Project("{2150E333-8FDC-42A3-9474-1A3956D46DE8}") = "Service", "Service", "{8452CD67-B788-4EAB-B4E5-1EC9BED85C99}"
EndProject
Project("{2150E333-8FDC-42A3-9474-1A3956D46DE8}") = "Domain", "Domain", "{15E7874A-B840-488C-B5ED-B0B23EDE989D}"
EndProject
Project("{2150E333-8FDC-42A3-9474-1A3956D46DE8}") = "DataAccess", "DataAccess", "{DE2AF1AF-F090-4522-A8BF-E50B4CB81032}"
EndProject
Project("{9A19103F-16F7-4668-BE54-9A1E7A4F7556}") = "QDOT.Domain", "QDOT.Domain\QDOT.Domain.csproj", "{EEDE3F26-5022-4315-BBDF-8DB70AC57CF0}"
EndProject
Project("{9A19103F-16F7-4668-BE54-9A1E7A4F7556}") = "QDOT.DataAccess.Interface", "QDOT.DataAccess.Interface\QDOT.DataAccess.Interface.csproj", "{8C7D8213-A7D7-40B2-BC56-C63F78255A95}"
EndProject
Project("{9A19103F-16F7-4668-BE54-9A1E7A4F7556}") = "QDOT.DataAccess", "QDOT.DataAccess\QDOT.DataAccess.csproj", "{B7E8D9CA-2E43-4202-8362-7410B61D286A}"
EndProject
Project("{2150E333-8FDC-42A3-9474-1A3956D46DE8}") = "Model", "Model", "{C5E1B682-FBC0-4F22-B141-ACF8B27EED98}"
EndProject
Project("{9A19103F-16F7-4668-BE54-9A1E7A4F7556}") = "QDOT.Model", "QDOT.Model\QDOT.Model.csproj", "{EE1A0FD7-2288-4D54-B7CA-BC6FAA44F002}"
EndProject
Project("{FAE04EC0-301F-11D3-BF4B-00C04F79EFBC}") = "QDOT.Domain.Interface", "QDOT.Domain.Interface\QDOT.Domain.Interface.csproj", "{B3CF0332-0893-435B-A059-2B602A3EE173}"
EndProject
Global
	GlobalSection(SolutionConfigurationPlatforms) = preSolution
		Debug|Any CPU = Debug|Any CPU
		Release|Any CPU = Release|Any CPU
	EndGlobalSection
	GlobalSection(ProjectConfigurationPlatforms) = postSolution
		{FAA19540-8C65-4F4B-9D6A-CA625CC2B89B}.Debug|Any CPU.ActiveCfg = Debug|Any CPU
		{FAA19540-8C65-4F4B-9D6A-CA625CC2B89B}.Debug|Any CPU.Build.0 = Debug|Any CPU
		{FAA19540-8C65-4F4B-9D6A-CA625CC2B89B}.Release|Any CPU.ActiveCfg = Release|Any CPU
		{FAA19540-8C65-4F4B-9D6A-CA625CC2B89B}.Release|Any CPU.Build.0 = Release|Any CPU
		{EEDE3F26-5022-4315-BBDF-8DB70AC57CF0}.Debug|Any CPU.ActiveCfg = Debug|Any CPU
		{EEDE3F26-5022-4315-BBDF-8DB70AC57CF0}.Debug|Any CPU.Build.0 = Debug|Any CPU
		{EEDE3F26-5022-4315-BBDF-8DB70AC57CF0}.Release|Any CPU.ActiveCfg = Release|Any CPU
		{EEDE3F26-5022-4315-BBDF-8DB70AC57CF0}.Release|Any CPU.Build.0 = Release|Any CPU
		{8C7D8213-A7D7-40B2-BC56-C63F78255A95}.Debug|Any CPU.ActiveCfg = Debug|Any CPU
		{8C7D8213-A7D7-40B2-BC56-C63F78255A95}.Debug|Any CPU.Build.0 = Debug|Any CPU
		{8C7D8213-A7D7-40B2-BC56-C63F78255A95}.Release|Any CPU.ActiveCfg = Release|Any CPU
		{8C7D8213-A7D7-40B2-BC56-C63F78255A95}.Release|Any CPU.Build.0 = Release|Any CPU
		{B7E8D9CA-2E43-4202-8362-7410B61D286A}.Debug|Any CPU.ActiveCfg = Debug|Any CPU
		{B7E8D9CA-2E43-4202-8362-7410B61D286A}.Debug|Any CPU.Build.0 = Debug|Any CPU
		{B7E8D9CA-2E43-4202-8362-7410B61D286A}.Release|Any CPU.ActiveCfg = Release|Any CPU
		{B7E8D9CA-2E43-4202-8362-7410B61D286A}.Release|Any CPU.Build.0 = Release|Any CPU
		{EE1A0FD7-2288-4D54-B7CA-BC6FAA44F002}.Debug|Any CPU.ActiveCfg = Debug|Any CPU
		{EE1A0FD7-2288-4D54-B7CA-BC6FAA44F002}.Debug|Any CPU.Build.0 = Debug|Any CPU
		{EE1A0FD7-2288-4D54-B7CA-BC6FAA44F002}.Release|Any CPU.ActiveCfg = Release|Any CPU
		{EE1A0FD7-2288-4D54-B7CA-BC6FAA44F002}.Release|Any CPU.Build.0 = Release|Any CPU
		{B3CF0332-0893-435B-A059-2B602A3EE173}.Debug|Any CPU.ActiveCfg = Debug|Any CPU
		{B3CF0332-0893-435B-A059-2B602A3EE173}.Debug|Any CPU.Build.0 = Debug|Any CPU
		{B3CF0332-0893-435B-A059-2B602A3EE173}.Release|Any CPU.ActiveCfg = Release|Any CPU
		{B3CF0332-0893-435B-A059-2B602A3EE173}.Release|Any CPU.Build.0 = Release|Any CPU
	EndGlobalSection
	GlobalSection(SolutionProperties) = preSolution
		HideSolutionNode = FALSE
	EndGlobalSection
	GlobalSection(NestedProjects) = preSolution
		{FAA19540-8C65-4F4B-9D6A-CA625CC2B89B} = {8452CD67-B788-4EAB-B4E5-1EC9BED85C99}
		{EEDE3F26-5022-4315-BBDF-8DB70AC57CF0} = {15E7874A-B840-488C-B5ED-B0B23EDE989D}
		{8C7D8213-A7D7-40B2-BC56-C63F78255A95} = {DE2AF1AF-F090-4522-A8BF-E50B4CB81032}
		{B7E8D9CA-2E43-4202-8362-7410B61D286A} = {DE2AF1AF-F090-4522-A8BF-E50B4CB81032}
		{EE1A0FD7-2288-4D54-B7CA-BC6FAA44F002} = {C5E1B682-FBC0-4F22-B141-ACF8B27EED98}
		{B3CF0332-0893-435B-A059-2B602A3EE173} = {15E7874A-B840-488C-B5ED-B0B23EDE989D}
	EndGlobalSection
	GlobalSection(ExtensibilityGlobals) = postSolution
		SolutionGuid = {CA563B18-D0D0-4F65-A42A-3ADCEDC7985D}
	EndGlobalSection
EndGlobal
